
Microsoft Visual Studio Solution File, Format Version 12.00
# Visual Studio Version 17
VisualStudioVersion = 17.1.32319.34
MinimumVisualStudioVersion = 10.0.40219.1
Project("{9A19103F-16F7-4668-BE54-9A1E7A4F7556}") = "CovidWebApi", "CovidWebApi\CovidWebApi.csproj", "{5D2D8EE8-4B2E-4B2D-B693-FDDAF2D31063}"
EndProject
Project("{FAE04EC0-301F-11D3-BF4B-00C04F79EFBC}") = "Covid.Infrastructure", "Covid.Infrastructure\Covid.Infrastructure.csproj", "{B7DE364D-0A79-4593-8DF4-09ADFDBBD803}"
EndProject
Project("{FAE04EC0-301F-11D3-BF4B-00C04F79EFBC}") = "Covid.Core", "Covid.Core\Covid.Core.csproj", "{A3A5492F-A3B8-4F2D-931F-9D59F91551C4}"
EndProject
Global
	GlobalSection(SolutionConfigurationPlatforms) = preSolution
		Debug|Any CPU = Debug|Any CPU
		Release|Any CPU = Release|Any CPU
	EndGlobalSection
	GlobalSection(ProjectConfigurationPlatforms) = postSolution
		{5D2D8EE8-4B2E-4B2D-B693-FDDAF2D31063}.Debug|Any CPU.ActiveCfg = Debug|Any CPU
		{5D2D8EE8-4B2E-4B2D-B693-FDDAF2D31063}.Debug|Any CPU.Build.0 = Debug|Any CPU
		{5D2D8EE8-4B2E-4B2D-B693-FDDAF2D31063}.Release|Any CPU.ActiveCfg = Release|Any CPU
		{5D2D8EE8-4B2E-4B2D-B693-FDDAF2D31063}.Release|Any CPU.Build.0 = Release|Any CPU
		{B7DE364D-0A79-4593-8DF4-09ADFDBBD803}.Debug|Any CPU.ActiveCfg = Debug|Any CPU
		{B7DE364D-0A79-4593-8DF4-09ADFDBBD803}.Debug|Any CPU.Build.0 = Debug|Any CPU
		{B7DE364D-0A79-4593-8DF4-09ADFDBBD803}.Release|Any CPU.ActiveCfg = Release|Any CPU
		{B7DE364D-0A79-4593-8DF4-09ADFDBBD803}.Release|Any CPU.Build.0 = Release|Any CPU
		{A3A5492F-A3B8-4F2D-931F-9D59F91551C4}.Debug|Any CPU.ActiveCfg = Debug|Any CPU
		{A3A5492F-A3B8-4F2D-931F-9D59F91551C4}.Debug|Any CPU.Build.0 = Debug|Any CPU
		{A3A5492F-A3B8-4F2D-931F-9D59F91551C4}.Release|Any CPU.ActiveCfg = Release|Any CPU
		{A3A5492F-A3B8-4F2D-931F-9D59F91551C4}.Release|Any CPU.Build.0 = Release|Any CPU
	EndGlobalSection
	GlobalSection(SolutionProperties) = preSolution
		HideSolutionNode = FALSE
	EndGlobalSection
	GlobalSection(ExtensibilityGlobals) = postSolution
		SolutionGuid = {0A166EE4-387D-45A9-A4B2-31326698CAA3}
	EndGlobalSection
EndGlobal
